
Microsoft Visual Studio Solution File, Format Version 12.00
# Visual Studio Version 17
VisualStudioVersion = 17.2.32616.157
MinimumVisualStudioVersion = 10.0.40219.1
Project("{9A19103F-16F7-4668-BE54-9A1E7A4F7556}") = "LabApi-01", "LabApi-01.csproj", "{16AB9045-64C8-435B-870D-6422C3394540}"
EndProject
Global
	GlobalSection(SolutionConfigurationPlatforms) = preSolution
		Debug|Any CPU = Debug|Any CPU
		Release|Any CPU = Release|Any CPU
	EndGlobalSection
	GlobalSection(ProjectConfigurationPlatforms) = postSolution
		{16AB9045-64C8-435B-870D-6422C3394540}.Debug|Any CPU.ActiveCfg = Debug|Any CPU
		{16AB9045-64C8-435B-870D-6422C3394540}.Debug|Any CPU.Build.0 = Debug|Any CPU
		{16AB9045-64C8-435B-870D-6422C3394540}.Release|Any CPU.ActiveCfg = Release|Any CPU
		{16AB9045-64C8-435B-870D-6422C3394540}.Release|Any CPU.Build.0 = Release|Any CPU
	EndGlobalSection
	GlobalSection(SolutionProperties) = preSolution
		HideSolutionNode = FALSE
	EndGlobalSection
	GlobalSection(ExtensibilityGlobals) = postSolution
		SolutionGuid = {BEEF2476-A6DA-4F1E-BD2A-5B70AB439F62}
	EndGlobalSection
EndGlobal
